{
  "name": "src",
  "version": "1.0.0",
  "lockfileVersion": 1,
  "requires": true,
  "dependencies": {
    "react-iframe": {
      "version": "1.3.3",
      "resolved": "https://registry.npmjs.org/react-iframe/-/react-iframe-1.3.3.tgz",
      "integrity": "sha512-W/Xs5wovFoqoj7HF0yy1R8gXDYzMAjsrpsTC/xkDzpcAYzanjD9MrWp3hri0DGqCtWsbqD2IHh29RuBlglSmsg=="
    }
  }
}
